PODS:
  - ImageOutlineClient (1.0.0)
  - OpenCV (4.1.0)
  - SuitabilityPredictionClient (1.0.0):
    - OpenCV (= 4.1)
    - TensorFlowLiteSwift/CoreML (= 2.4.0)
  - TensorFlowLiteC (2.4.0):
    - TensorFlowLiteC/Core (= 2.4.0)
  - TensorFlowLiteC/Core (2.4.0)
  - TensorFlowLiteC/CoreML (2.4.0):
    - TensorFlowLiteC/Core
  - TensorFlowLiteSwift/Core (2.4.0):
    - TensorFlowLiteC (= 2.4.0)
  - TensorFlowLiteSwift/CoreML (2.4.0):
    - TensorFlowLiteC/CoreML (= 2.4.0)
    - TensorFlowLiteSwift/Core (= 2.4.0)

DEPENDENCIES:
  - "ImageOutlineClient (from `git@github.com:leoilab/mobile-sdk-distribution.git`, tag `ImageOutline-v1`)"
  - "SuitabilityPredictionClient (from `git@github.com:leoilab/mobile-sdk-distribution.git`, tag `SuitabilityPredictionClient-v1`)"

SPEC REPOS:
  trunk:
    - OpenCV
    - TensorFlowLiteC
    - TensorFlowLiteSwift

EXTERNAL SOURCES:
  ImageOutlineClient:
    :git: "git@github.com:leoilab/mobile-sdk-distribution.git"
    :tag: ImageOutline-v1
  SuitabilityPredictionClient:
    :git: "git@github.com:leoilab/mobile-sdk-distribution.git"
    :tag: SuitabilityPredictionClient-v1

CHECKOUT OPTIONS:
  ImageOutlineClient:
    :git: "git@github.com:leoilab/mobile-sdk-distribution.git"
    :tag: ImageOutline-v1
  SuitabilityPredictionClient:
    :git: "git@github.com:leoilab/mobile-sdk-distribution.git"
    :tag: SuitabilityPredictionClient-v1

SPEC CHECKSUMS:
  ImageOutlineClient: b9c3ecbb50e3c0b7a67f49ee5f648b46a632a76b
  OpenCV: 52cd4d72ff29e2be83421477aec5447320b7fb19
  SuitabilityPredictionClient: c189bf37b3aae2a87f5857eaa12bfb2ab5a5096d
  TensorFlowLiteC: 09f8ac75a76caeadb19bcfa694e97454cc1ecf87
  TensorFlowLiteSwift: f062dc1178120100d825d7799fd9f115b4a37fee

PODFILE CHECKSUM: 6ec8ced926d9c9892cef653bc18cd876cae49e3f

COCOAPODS: 1.9.1
