PODS:
  - ImageOutlineClient (1.0.0):
    - OmhuTrackingClient (= 1.0)
  - OmhuTrackingClient (1.0.0)
  - OpenCV (4.1.0)
  - SuitabilityPredictionClient (1.0.0):
    - OmhuTrackingClient (= 1.0)
    - OpenCV (= 4.1)
    - TensorFlowLiteSwift/CoreML (= 2.4.0)
  - TensorFlowLiteC (2.4.0):
    - TensorFlowLiteC/Core (= 2.4.0)
  - TensorFlowLiteC/Core (2.4.0)
  - TensorFlowLiteC/CoreML (2.4.0):
    - TensorFlowLiteC/Core
  - TensorFlowLiteSwift/Core (2.4.0):
    - TensorFlowLiteC (= 2.4.0)
  - TensorFlowLiteSwift/CoreML (2.4.0):
    - TensorFlowLiteC/CoreML (= 2.4.0)
    - TensorFlowLiteSwift/Core (= 2.4.0)

DEPENDENCIES:
  - ImageOutlineClient (~> 1.0)
  - SuitabilityPredictionClient (~> 1.0)

SPEC REPOS:
  https://github.com/leoilab/mobile-sdk-distribution:
    - ImageOutlineClient
    - OmhuTrackingClient
    - SuitabilityPredictionClient
  trunk:
    - OpenCV
    - TensorFlowLiteC
    - TensorFlowLiteSwift

SPEC CHECKSUMS:
  ImageOutlineClient: 2c46764fb72b7e4a8bb04b9375af84598c38db4a
  OmhuTrackingClient: ede8090cb2d632adb48e561c6f1536e1985fe1d2
  OpenCV: 52cd4d72ff29e2be83421477aec5447320b7fb19
  SuitabilityPredictionClient: 4d170dc0c1e93b805dfde90656be97f410cddddd
  TensorFlowLiteC: 09f8ac75a76caeadb19bcfa694e97454cc1ecf87
  TensorFlowLiteSwift: f062dc1178120100d825d7799fd9f115b4a37fee

PODFILE CHECKSUM: bc13af50ec4118c956251c1ca7a134cd37a73251

COCOAPODS: 1.9.1
