// !$*UTF8*$!
{
	archiveVersion = 1;
	classes = {
	};
	objectVersion = 55;
	objects = {

/* Begin PBXBuildFile section */
		687C297E2791CE1800F77B5F /* ImageOutlineExampleApp.swift in Sources */ = {isa = PBXBuildFile; fileRef = 687C297D2791CE1800F77B5F /* ImageOutlineExampleApp.swift */; };
		687C29802791CE1800F77B5F /* ContentView.swift in Sources */ = {isa = PBXBuildFile; fileRef = 687C297F2791CE1800F77B5F /* ContentView.swift */; };
		687C29822791CE1900F77B5F /* Assets.xcassets in Resources */ = {isa = PBXBuildFile; fileRef = 687C29812791CE1900F77B5F /* Assets.xcassets */; };
		687C29852791CE1900F77B5F /* Preview Assets.xcassets in Resources */ = {isa = PBXBuildFile; fileRef = 687C29842791CE1900F77B5F /* Preview Assets.xcassets */; };
		687C29902791CE2100F77B5F /* SuitabilityPredictionExampleApp.swift in Sources */ = {isa = PBXBuildFile; fileRef = 687C298F2791CE2100F77B5F /* SuitabilityPredictionExampleApp.swift */; };
		687C29922791CE2100F77B5F /* ContentView.swift in Sources */ = {isa = PBXBuildFile; fileRef = 687C29912791CE2100F77B5F /* ContentView.swift */; };
		687C29942791CE2200F77B5F /* Assets.xcassets in Resources */ = {isa = PBXBuildFile; fileRef = 687C29932791CE2200F77B5F /* Assets.xcassets */; };
		687C29972791CE2300F77B5F /* Preview Assets.xcassets in Resources */ = {isa = PBXBuildFile; fileRef = 687C29962791CE2300F77B5F /* Preview Assets.xcassets */; };
		6D31BF8460969AF32F19167F /* Pods_SuitabilityPredictionExample.framework in Frameworks */ = {isa = PBXBuildFile; fileRef = D03F7AAA8F3648749A2AC317 /* Pods_SuitabilityPredictionExample.framework */; };
		72056B46A2C33220114BF909 /* Pods_ImageOutlineExample.framework in Frameworks */ = {isa = PBXBuildFile; fileRef = FCA2BA7B5B2EBFD2C5D67274 /* Pods_ImageOutlineExample.framework */; };
/* End PBXBuildFile section */

/* Begin PBXFileReference section */
		24E715549C76E457017B12EE /* Pods-ImageOutlineExample.release.xcconfig */ = {isa = PBXFileReference; includeInIndex = 1; lastKnownFileType = text.xcconfig; name = "Pods-ImageOutlineExample.release.xcconfig"; path = "Target Support Files/Pods-ImageOutlineExample/Pods-ImageOutlineExample.release.xcconfig"; sourceTree = "<group>"; };
		469E694071400586469549AA /* Pods-SuitabilityPredictionExample.debug.xcconfig */ = {isa = PBXFileReference; includeInIndex = 1; lastKnownFileType = text.xcconfig; name = "Pods-SuitabilityPredictionExample.debug.xcconfig"; path = "Target Support Files/Pods-SuitabilityPredictionExample/Pods-SuitabilityPredictionExample.debug.xcconfig"; sourceTree = "<group>"; };
		687C297B2791CE1800F77B5F /* ImageOutlineExample.app */ = {isa = PBXFileReference; explicitFileType = wrapper.application; includeInIndex = 0; path = ImageOutlineExample.app; sourceTree = BUILT_PRODUCTS_DIR; };
		687C297D2791CE1800F77B5F /* ImageOutlineExampleApp.swift */ = {isa = PBXFileReference; lastKnownFileType = sourcecode.swift; path = ImageOutlineExampleApp.swift; sourceTree = "<group>"; };
		687C297F2791CE1800F77B5F /* ContentView.swift */ = {isa = PBXFileReference; lastKnownFileType = sourcecode.swift; path = ContentView.swift; sourceTree = "<group>"; };
		687C29812791CE1900F77B5F /* Assets.xcassets */ = {isa = PBXFileReference; lastKnownFileType = folder.assetcatalog; path = Assets.xcassets; sourceTree = "<group>"; };
		687C29842791CE1900F77B5F /* Preview Assets.xcassets */ = {isa = PBXFileReference; lastKnownFileType = folder.assetcatalog; path = "Preview Assets.xcassets"; sourceTree = "<group>"; };
		687C298D2791CE2100F77B5F /* SuitabilityPredictionExample.app */ = {isa = PBXFileReference; explicitFileType = wrapper.application; includeInIndex = 0; path = SuitabilityPredictionExample.app; sourceTree = BUILT_PRODUCTS_DIR; };
		687C298F2791CE2100F77B5F /* SuitabilityPredictionExampleApp.swift */ = {isa = PBXFileReference; lastKnownFileType = sourcecode.swift; path = SuitabilityPredictionExampleApp.swift; sourceTree = "<group>"; };
		687C29912791CE2100F77B5F /* ContentView.swift */ = {isa = PBXFileReference; lastKnownFileType = sourcecode.swift; path = ContentView.swift; sourceTree = "<group>"; };
		687C29932791CE2200F77B5F /* Assets.xcassets */ = {isa = PBXFileReference; lastKnownFileType = folder.assetcatalog; path = Assets.xcassets; sourceTree = "<group>"; };
		687C29962791CE2300F77B5F /* Preview Assets.xcassets */ = {isa = PBXFileReference; lastKnownFileType = folder.assetcatalog; path = "Preview Assets.xcassets"; sourceTree = "<group>"; };
		68C73A43279ECA6700AB777E /* SuitabilityPredictionClient.xcframework */ = {isa = PBXFileReference; lastKnownFileType = wrapper.xcframework; name = SuitabilityPredictionClient.xcframework; path = "../../../../mobile-sdk-distribution/SuitabilityPredictionClient/SuitabilityPredictionClient.xcframework"; sourceTree = "<group>"; };
		68C73A47279ECA6900AB777E /* ImageTuning.xcframework */ = {isa = PBXFileReference; lastKnownFileType = wrapper.xcframework; name = ImageTuning.xcframework; path = "../../../../mobile-sdk-distribution/SuitabilityPredictionClient/ImageTuning.xcframework"; sourceTree = "<group>"; };
		68C73A4A279ECA6B00AB777E /* Afterparty.xcframework */ = {isa = PBXFileReference; lastKnownFileType = wrapper.xcframework; name = Afterparty.xcframework; path = "../../../../mobile-sdk-distribution/SuitabilityPredictionClient/Afterparty.xcframework"; sourceTree = "<group>"; };
		924E692819F5A7968EF25D92 /* Pods-ImageOutlineExample.debug.xcconfig */ = {isa = PBXFileReference; includeInIndex = 1; lastKnownFileType = text.xcconfig; name = "Pods-ImageOutlineExample.debug.xcconfig"; path = "Target Support Files/Pods-ImageOutlineExample/Pods-ImageOutlineExample.debug.xcconfig"; sourceTree = "<group>"; };
		D03F7AAA8F3648749A2AC317 /* Pods_SuitabilityPredictionExample.framework */ = {isa = PBXFileReference; explicitFileType = wrapper.framework; includeInIndex = 0; path = Pods_SuitabilityPredictionExample.framework; sourceTree = BUILT_PRODUCTS_DIR; };
		F2B9E1D87B09E20F40EEB716 /* Pods-SuitabilityPredictionExample.release.xcconfig */ = {isa = PBXFileReference; includeInIndex = 1; lastKnownFileType = text.xcconfig; name = "Pods-SuitabilityPredictionExample.release.xcconfig"; path = "Target Support Files/Pods-SuitabilityPredictionExample/Pods-SuitabilityPredictionExample.release.xcconfig"; sourceTree = "<group>"; };
		FCA2BA7B5B2EBFD2C5D67274 /* Pods_ImageOutlineExample.framework */ = {isa = PBXFileReference; explicitFileType = wrapper.framework; includeInIndex = 0; path = Pods_ImageOutlineExample.framework; sourceTree = BUILT_PRODUCTS_DIR; };
/* End PBXFileReference section */

/* Begin PBXFrameworksBuildPhase section */
		687C29782791CE1800F77B5F /* Frameworks */ = {
			isa = PBXFrameworksBuildPhase;
			buildActionMask = 2147483647;
			files = (
				72056B46A2C33220114BF909 /* Pods_ImageOutlineExample.framework in Frameworks */,
			);
			runOnlyForDeploymentPostprocessing = 0;
		};
		687C298A2791CE2100F77B5F /* Frameworks */ = {
			isa = PBXFrameworksBuildPhase;
			buildActionMask = 2147483647;
			files = (
				6D31BF8460969AF32F19167F /* Pods_SuitabilityPredictionExample.framework in Frameworks */,
			);
			runOnlyForDeploymentPostprocessing = 0;
		};
/* End PBXFrameworksBuildPhase section */

/* Begin PBXGroup section */
		687C295D2791CD9600F77B5F = {
			isa = PBXGroup;
			children = (
				687C297C2791CE1800F77B5F /* ImageOutlineExample */,
				687C298E2791CE2100F77B5F /* SuitabilityPredictionExample */,
				687C29672791CD9600F77B5F /* Products */,
				878E412CEBF8757E32524F9A /* Pods */,
				F58B5726CA7FB555908E66EE /* Frameworks */,
			);
			sourceTree = "<group>";
		};
		687C29672791CD9600F77B5F /* Products */ = {
			isa = PBXGroup;
			children = (
				687C297B2791CE1800F77B5F /* ImageOutlineExample.app */,
				687C298D2791CE2100F77B5F /* SuitabilityPredictionExample.app */,
			);
			name = Products;
			sourceTree = "<group>";
		};
		687C297C2791CE1800F77B5F /* ImageOutlineExample */ = {
			isa = PBXGroup;
			children = (
				687C297D2791CE1800F77B5F /* ImageOutlineExampleApp.swift */,
				687C297F2791CE1800F77B5F /* ContentView.swift */,
				687C29812791CE1900F77B5F /* Assets.xcassets */,
				687C29832791CE1900F77B5F /* Preview Content */,
			);
			path = ImageOutlineExample;
			sourceTree = "<group>";
		};
		687C29832791CE1900F77B5F /* Preview Content */ = {
			isa = PBXGroup;
			children = (
				687C29842791CE1900F77B5F /* Preview Assets.xcassets */,
			);
			path = "Preview Content";
			sourceTree = "<group>";
		};
		687C298E2791CE2100F77B5F /* SuitabilityPredictionExample */ = {
			isa = PBXGroup;
			children = (
				687C298F2791CE2100F77B5F /* SuitabilityPredictionExampleApp.swift */,
				687C29912791CE2100F77B5F /* ContentView.swift */,
				687C29932791CE2200F77B5F /* Assets.xcassets */,
				687C29952791CE2300F77B5F /* Preview Content */,
			);
			path = SuitabilityPredictionExample;
			sourceTree = "<group>";
		};
		687C29952791CE2300F77B5F /* Preview Content */ = {
			isa = PBXGroup;
			children = (
				687C29962791CE2300F77B5F /* Preview Assets.xcassets */,
			);
			path = "Preview Content";
			sourceTree = "<group>";
		};
		878E412CEBF8757E32524F9A /* Pods */ = {
			isa = PBXGroup;
			children = (
				469E694071400586469549AA /* Pods-SuitabilityPredictionExample.debug.xcconfig */,
				F2B9E1D87B09E20F40EEB716 /* Pods-SuitabilityPredictionExample.release.xcconfig */,
				924E692819F5A7968EF25D92 /* Pods-ImageOutlineExample.debug.xcconfig */,
				24E715549C76E457017B12EE /* Pods-ImageOutlineExample.release.xcconfig */,
			);
			path = Pods;
			sourceTree = "<group>";
		};
		F58B5726CA7FB555908E66EE /* Frameworks */ = {
			isa = PBXGroup;
			children = (
				68C73A4A279ECA6B00AB777E /* Afterparty.xcframework */,
				68C73A47279ECA6900AB777E /* ImageTuning.xcframework */,
				68C73A43279ECA6700AB777E /* SuitabilityPredictionClient.xcframework */,
				D03F7AAA8F3648749A2AC317 /* Pods_SuitabilityPredictionExample.framework */,
				FCA2BA7B5B2EBFD2C5D67274 /* Pods_ImageOutlineExample.framework */,
			);
			name = Frameworks;
			sourceTree = "<group>";
		};
/* End PBXGroup section */

/* Begin PBXNativeTarget section */
		687C297A2791CE1800F77B5F /* ImageOutlineExample */ = {
			isa = PBXNativeTarget;
			buildConfigurationList = 687C29862791CE1900F77B5F /* Build configuration list for PBXNativeTarget "ImageOutlineExample" */;
			buildPhases = (
				B13C267285309A155E581C90 /* [CP] Check Pods Manifest.lock */,
				4F89BF300A0C97F83B3CBD34 /* [CP] Prepare Artifacts */,
				687C29772791CE1800F77B5F /* Sources */,
				687C29782791CE1800F77B5F /* Frameworks */,
				687C29792791CE1800F77B5F /* Resources */,
				46C11B1E0290841B9CC55200 /* [CP] Embed Pods Frameworks */,
			);
			buildRules = (
			);
			dependencies = (
			);
			name = ImageOutlineExample;
			productName = ImageOutlineExample;
			productReference = 687C297B2791CE1800F77B5F /* ImageOutlineExample.app */;
			productType = "com.apple.product-type.application";
		};
		687C298C2791CE2100F77B5F /* SuitabilityPredictionExample */ = {
			isa = PBXNativeTarget;
			buildConfigurationList = 687C29982791CE2300F77B5F /* Build configuration list for PBXNativeTarget "SuitabilityPredictionExample" */;
			buildPhases = (
				17514C68D711B0E56C9F294D /* [CP] Check Pods Manifest.lock */,
				252D76D87F80010648C3F89E /* [CP] Prepare Artifacts */,
				687C29892791CE2100F77B5F /* Sources */,
				687C298A2791CE2100F77B5F /* Frameworks */,
				687C298B2791CE2100F77B5F /* Resources */,
				73D8FE1CC2C1CADE77151B66 /* [CP] Embed Pods Frameworks */,
			);
			buildRules = (
			);
			dependencies = (
			);
			name = SuitabilityPredictionExample;
			productName = SuitabilityPredictionExample;
			productReference = 687C298D2791CE2100F77B5F /* SuitabilityPredictionExample.app */;
			productType = "com.apple.product-type.application";
		};
/* End PBXNativeTarget section */

/* Begin PBXProject section */
		687C295E2791CD9600F77B5F /* Project object */ = {
			isa = PBXProject;
			attributes = {
				BuildIndependentTargetsInParallel = 1;
				LastSwiftUpdateCheck = 1320;
				LastUpgradeCheck = 1320;
				TargetAttributes = {
					687C297A2791CE1800F77B5F = {
						CreatedOnToolsVersion = 13.2;
					};
					687C298C2791CE2100F77B5F = {
						CreatedOnToolsVersion = 13.2;
					};
				};
			};
			buildConfigurationList = 687C29612791CD9600F77B5F /* Build configuration list for PBXProject "LibraryExamples" */;
			compatibilityVersion = "Xcode 13.0";
			developmentRegion = en;
			hasScannedForEncodings = 0;
			knownRegions = (
				en,
				Base,
			);
			mainGroup = 687C295D2791CD9600F77B5F;
			productRefGroup = 687C29672791CD9600F77B5F /* Products */;
			projectDirPath = "";
			projectRoot = "";
			targets = (
				687C297A2791CE1800F77B5F /* ImageOutlineExample */,
				687C298C2791CE2100F77B5F /* SuitabilityPredictionExample */,
			);
		};
/* End PBXProject section */

/* Begin PBXResourcesBuildPhase section */
		687C29792791CE1800F77B5F /* Resources */ = {
			isa = PBXResourcesBuildPhase;
			buildActionMask = 2147483647;
			files = (
				687C29852791CE1900F77B5F /* Preview Assets.xcassets in Resources */,
				687C29822791CE1900F77B5F /* Assets.xcassets in Resources */,
			);
			runOnlyForDeploymentPostprocessing = 0;
		};
		687C298B2791CE2100F77B5F /* Resources */ = {
			isa = PBXResourcesBuildPhase;
			buildActionMask = 2147483647;
			files = (
				687C29972791CE2300F77B5F /* Preview Assets.xcassets in Resources */,
				687C29942791CE2200F77B5F /* Assets.xcassets in Resources */,
			);
			runOnlyForDeploymentPostprocessing = 0;
		};
/* End PBXResourcesBuildPhase section */

/* Begin PBXShellScriptBuildPhase section */
		17514C68D711B0E56C9F294D /* [CP] Check Pods Manifest.lock */ = {
			isa = PBXShellScriptBuildPhase;
			buildActionMask = 2147483647;
			files = (
			);
			inputFileListPaths = (
			);
			inputPaths = (
				"${PODS_PODFILE_DIR_PATH}/Podfile.lock",
				"${PODS_ROOT}/Manifest.lock",
			);
			name = "[CP] Check Pods Manifest.lock";
			outputFileListPaths = (
			);
			outputPaths = (
				"$(DERIVED_FILE_DIR)/Pods-SuitabilityPredictionExample-checkManifestLockResult.txt",
			);
			runOnlyForDeploymentPostprocessing = 0;
			shellPath = /bin/sh;
			shellScript = "diff \"${PODS_PODFILE_DIR_PATH}/Podfile.lock\" \"${PODS_ROOT}/Manifest.lock\" > /dev/null\nif [ $? != 0 ] ; then\n    # print error to STDERR\n    echo \"error: The sandbox is not in sync with the Podfile.lock. Run 'pod install' or update your CocoaPods installation.\" >&2\n    exit 1\nfi\n# This output is used by Xcode 'outputs' to avoid re-running this script phase.\necho \"SUCCESS\" > \"${SCRIPT_OUTPUT_FILE_0}\"\n";
			showEnvVarsInLog = 0;
		};
		252D76D87F80010648C3F89E /* [CP] Prepare Artifacts */ = {
			isa = PBXShellScriptBuildPhase;
			buildActionMask = 2147483647;
			files = (
			);
			inputFileListPaths = (
				"${PODS_ROOT}/Target Support Files/Pods-SuitabilityPredictionExample/Pods-SuitabilityPredictionExample-artifacts-${CONFIGURATION}-input-files.xcfilelist",
			);
			name = "[CP] Prepare Artifacts";
			outputFileListPaths = (
				"${PODS_ROOT}/Target Support Files/Pods-SuitabilityPredictionExample/Pods-SuitabilityPredictionExample-artifacts-${CONFIGURATION}-output-files.xcfilelist",
			);
			runOnlyForDeploymentPostprocessing = 0;
			shellPath = /bin/sh;
			shellScript = "\"${PODS_ROOT}/Target Support Files/Pods-SuitabilityPredictionExample/Pods-SuitabilityPredictionExample-artifacts.sh\"\n";
			showEnvVarsInLog = 0;
		};
		46C11B1E0290841B9CC55200 /* [CP] Embed Pods Frameworks */ = {
			isa = PBXShellScriptBuildPhase;
			buildActionMask = 2147483647;
			files = (
			);
			inputFileListPaths = (
				"${PODS_ROOT}/Target Support Files/Pods-ImageOutlineExample/Pods-ImageOutlineExample-frameworks-${CONFIGURATION}-input-files.xcfilelist",
			);
			name = "[CP] Embed Pods Frameworks";
			outputFileListPaths = (
				"${PODS_ROOT}/Target Support Files/Pods-ImageOutlineExample/Pods-ImageOutlineExample-frameworks-${CONFIGURATION}-output-files.xcfilelist",
			);
			runOnlyForDeploymentPostprocessing = 0;
			shellPath = /bin/sh;
			shellScript = "\"${PODS_ROOT}/Target Support Files/Pods-ImageOutlineExample/Pods-ImageOutlineExample-frameworks.sh\"\n";
			showEnvVarsInLog = 0;
		};
		4F89BF300A0C97F83B3CBD34 /* [CP] Prepare Artifacts */ = {
			isa = PBXShellScriptBuildPhase;
			buildActionMask = 2147483647;
			files = (
			);
			inputFileListPaths = (
				"${PODS_ROOT}/Target Support Files/Pods-ImageOutlineExample/Pods-ImageOutlineExample-artifacts-${CONFIGURATION}-input-files.xcfilelist",
			);
			name = "[CP] Prepare Artifacts";
			outputFileListPaths = (
				"${PODS_ROOT}/Target Support Files/Pods-ImageOutlineExample/Pods-ImageOutlineExample-artifacts-${CONFIGURATION}-output-files.xcfilelist",
			);
			runOnlyForDeploymentPostprocessing = 0;
			shellPath = /bin/sh;
			shellScript = "\"${PODS_ROOT}/Target Support Files/Pods-ImageOutlineExample/Pods-ImageOutlineExample-artifacts.sh\"\n";
			showEnvVarsInLog = 0;
		};
		73D8FE1CC2C1CADE77151B66 /* [CP] Embed Pods Frameworks */ = {
			isa = PBXShellScriptBuildPhase;
			buildActionMask = 2147483647;
			files = (
			);
			inputFileListPaths = (
				"${PODS_ROOT}/Target Support Files/Pods-SuitabilityPredictionExample/Pods-SuitabilityPredictionExample-frameworks-${CONFIGURATION}-input-files.xcfilelist",
			);
			name = "[CP] Embed Pods Frameworks";
			outputFileListPaths = (
				"${PODS_ROOT}/Target Support Files/Pods-SuitabilityPredictionExample/Pods-SuitabilityPredictionExample-frameworks-${CONFIGURATION}-output-files.xcfilelist",
			);
			runOnlyForDeploymentPostprocessing = 0;
			shellPath = /bin/sh;
			shellScript = "\"${PODS_ROOT}/Target Support Files/Pods-SuitabilityPredictionExample/Pods-SuitabilityPredictionExample-frameworks.sh\"\n";
			showEnvVarsInLog = 0;
		};
		B13C267285309A155E581C90 /* [CP] Check Pods Manifest.lock */ = {
			isa = PBXShellScriptBuildPhase;
			buildActionMask = 2147483647;
			files = (
			);
			inputFileListPaths = (
			);
			inputPaths = (
				"${PODS_PODFILE_DIR_PATH}/Podfile.lock",
				"${PODS_ROOT}/Manifest.lock",
			);
			name = "[CP] Check Pods Manifest.lock";
			outputFileListPaths = (
			);
			outputPaths = (
				"$(DERIVED_FILE_DIR)/Pods-ImageOutlineExample-checkManifestLockResult.txt",
			);
			runOnlyForDeploymentPostprocessing = 0;
			shellPath = /bin/sh;
			shellScript = "diff \"${PODS_PODFILE_DIR_PATH}/Podfile.lock\" \"${PODS_ROOT}/Manifest.lock\" > /dev/null\nif [ $? != 0 ] ; then\n    # print error to STDERR\n    echo \"error: The sandbox is not in sync with the Podfile.lock. Run 'pod install' or update your CocoaPods installation.\" >&2\n    exit 1\nfi\n# This output is used by Xcode 'outputs' to avoid re-running this script phase.\necho \"SUCCESS\" > \"${SCRIPT_OUTPUT_FILE_0}\"\n";
			showEnvVarsInLog = 0;
		};
/* End PBXShellScriptBuildPhase section */

/* Begin PBXSourcesBuildPhase section */
		687C29772791CE1800F77B5F /* Sources */ = {
			isa = PBXSourcesBuildPhase;
			buildActionMask = 2147483647;
			files = (
				687C29802791CE1800F77B5F /* ContentView.swift in Sources */,
				687C297E2791CE1800F77B5F /* ImageOutlineExampleApp.swift in Sources */,
			);
			runOnlyForDeploymentPostprocessing = 0;
		};
		687C29892791CE2100F77B5F /* Sources */ = {
			isa = PBXSourcesBuildPhase;
			buildActionMask = 2147483647;
			files = (
				687C29922791CE2100F77B5F /* ContentView.swift in Sources */,
				687C29902791CE2100F77B5F /* SuitabilityPredictionExampleApp.swift in Sources */,
			);
			runOnlyForDeploymentPostprocessing = 0;
		};
/* End PBXSourcesBuildPhase section */

/* Begin XCBuildConfiguration section */
		687C29722791CD9700F77B5F /* Debug */ = {
			isa = XCBuildConfiguration;
			buildSettings = {
				ALWAYS_SEARCH_USER_PATHS = NO;
				CLANG_ANALYZER_NONNULL = YES;
				CLANG_ANALYZER_NUMBER_OBJECT_CONVERSION = YES_AGGRESSIVE;
				CLANG_CXX_LANGUAGE_STANDARD = "gnu++17";
				CLANG_CXX_LIBRARY = "libc++";
				CLANG_ENABLE_MODULES = YES;
				CLANG_ENABLE_OBJC_ARC = YES;
				CLANG_ENABLE_OBJC_WEAK = YES;
				CLANG_WARN_BLOCK_CAPTURE_AUTORELEASING = YES;
				CLANG_WARN_BOOL_CONVERSION = YES;
				CLANG_WARN_COMMA = YES;
				CLANG_WARN_CONSTANT_CONVERSION = YES;
				CLANG_WARN_DEPRECATED_OBJC_IMPLEMENTATIONS = YES;
				CLANG_WARN_DIRECT_OBJC_ISA_USAGE = YES_ERROR;
				CLANG_WARN_DOCUMENTATION_COMMENTS = YES;
				CLANG_WARN_EMPTY_BODY = YES;
				CLANG_WARN_ENUM_CONVERSION = YES;
				CLANG_WARN_INFINITE_RECURSION = YES;
				CLANG_WARN_INT_CONVERSION = YES;
				CLANG_WARN_NON_LITERAL_NULL_CONVERSION = YES;
				CLANG_WARN_OBJC_IMPLICIT_RETAIN_SELF = YES;
				CLANG_WARN_OBJC_LITERAL_CONVERSION = YES;
				CLANG_WARN_OBJC_ROOT_CLASS = YES_ERROR;
				CLANG_WARN_QUOTED_INCLUDE_IN_FRAMEWORK_HEADER = YES;
				CLANG_WARN_RANGE_LOOP_ANALYSIS = YES;
				CLANG_WARN_STRICT_PROTOTYPES = YES;
				CLANG_WARN_SUSPICIOUS_MOVE = YES;
				CLANG_WARN_UNGUARDED_AVAILABILITY = YES_AGGRESSIVE;
				CLANG_WARN_UNREACHABLE_CODE = YES;
				CLANG_WARN__DUPLICATE_METHOD_MATCH = YES;
				COPY_PHASE_STRIP = NO;
				DEBUG_INFORMATION_FORMAT = dwarf;
				ENABLE_STRICT_OBJC_MSGSEND = YES;
				ENABLE_TESTABILITY = YES;
				GCC_C_LANGUAGE_STANDARD = gnu11;
				GCC_DYNAMIC_NO_PIC = NO;
				GCC_NO_COMMON_BLOCKS = YES;
				GCC_OPTIMIZATION_LEVEL = 0;
				GCC_PREPROCESSOR_DEFINITIONS = (
					"DEBUG=1",
					"$(inherited)",
				);
				GCC_WARN_64_TO_32_BIT_CONVERSION = YES;
				GCC_WARN_ABOUT_RETURN_TYPE = YES_ERROR;
				GCC_WARN_UNDECLARED_SELECTOR = YES;
				GCC_WARN_UNINITIALIZED_AUTOS = YES_AGGRESSIVE;
				GCC_WARN_UNUSED_FUNCTION = YES;
				GCC_WARN_UNUSED_VARIABLE = YES;
				IPHONEOS_DEPLOYMENT_TARGET = 15.2;
				MTL_ENABLE_DEBUG_INFO = INCLUDE_SOURCE;
				MTL_FAST_MATH = YES;
				ONLY_ACTIVE_ARCH = YES;
				SDKROOT = iphoneos;
				SWIFT_ACTIVE_COMPILATION_CONDITIONS = DEBUG;
				SWIFT_OPTIMIZATION_LEVEL = "-Onone";
			};
			name = Debug;
		};
		687C29732791CD9700F77B5F /* Release */ = {
			isa = XCBuildConfiguration;
			buildSettings = {
				ALWAYS_SEARCH_USER_PATHS = NO;
				CLANG_ANALYZER_NONNULL = YES;
				CLANG_ANALYZER_NUMBER_OBJECT_CONVERSION = YES_AGGRESSIVE;
				CLANG_CXX_LANGUAGE_STANDARD = "gnu++17";
				CLANG_CXX_LIBRARY = "libc++";
				CLANG_ENABLE_MODULES = YES;
				CLANG_ENABLE_OBJC_ARC = YES;
				CLANG_ENABLE_OBJC_WEAK = YES;
				CLANG_WARN_BLOCK_CAPTURE_AUTORELEASING = YES;
				CLANG_WARN_BOOL_CONVERSION = YES;
				CLANG_WARN_COMMA = YES;
				CLANG_WARN_CONSTANT_CONVERSION = YES;
				CLANG_WARN_DEPRECATED_OBJC_IMPLEMENTATIONS = YES;
				CLANG_WARN_DIRECT_OBJC_ISA_USAGE = YES_ERROR;
				CLANG_WARN_DOCUMENTATION_COMMENTS = YES;
				CLANG_WARN_EMPTY_BODY = YES;
				CLANG_WARN_ENUM_CONVERSION = YES;
				CLANG_WARN_INFINITE_RECURSION = YES;
				CLANG_WARN_INT_CONVERSION = YES;
				CLANG_WARN_NON_LITERAL_NULL_CONVERSION = YES;
				CLANG_WARN_OBJC_IMPLICIT_RETAIN_SELF = YES;
				CLANG_WARN_OBJC_LITERAL_CONVERSION = YES;
				CLANG_WARN_OBJC_ROOT_CLASS = YES_ERROR;
				CLANG_WARN_QUOTED_INCLUDE_IN_FRAMEWORK_HEADER = YES;
				CLANG_WARN_RANGE_LOOP_ANALYSIS = YES;
				CLANG_WARN_STRICT_PROTOTYPES = YES;
				CLANG_WARN_SUSPICIOUS_MOVE = YES;
				CLANG_WARN_UNGUARDED_AVAILABILITY = YES_AGGRESSIVE;
				CLANG_WARN_UNREACHABLE_CODE = YES;
				CLANG_WARN__DUPLICATE_METHOD_MATCH = YES;
				COPY_PHASE_STRIP = NO;
				DEBUG_INFORMATION_FORMAT = "dwarf-with-dsym";
				ENABLE_NS_ASSERTIONS = NO;
				ENABLE_STRICT_OBJC_MSGSEND = YES;
				GCC_C_LANGUAGE_STANDARD = gnu11;
				GCC_NO_COMMON_BLOCKS = YES;
				GCC_WARN_64_TO_32_BIT_CONVERSION = YES;
				GCC_WARN_ABOUT_RETURN_TYPE = YES_ERROR;
				GCC_WARN_UNDECLARED_SELECTOR = YES;
				GCC_WARN_UNINITIALIZED_AUTOS = YES_AGGRESSIVE;
				GCC_WARN_UNUSED_FUNCTION = YES;
				GCC_WARN_UNUSED_VARIABLE = YES;
				IPHONEOS_DEPLOYMENT_TARGET = 15.2;
				MTL_ENABLE_DEBUG_INFO = NO;
				MTL_FAST_MATH = YES;
				SDKROOT = iphoneos;
				SWIFT_COMPILATION_MODE = wholemodule;
				SWIFT_OPTIMIZATION_LEVEL = "-O";
				VALIDATE_PRODUCT = YES;
			};
			name = Release;
		};
		687C29872791CE1900F77B5F /* Debug */ = {
			isa = XCBuildConfiguration;
			baseConfigurationReference = 924E692819F5A7968EF25D92 /* Pods-ImageOutlineExample.debug.xcconfig */;
			buildSettings = {
				ASSETCATALOG_COMPILER_APPICON_NAME = AppIcon;
				ASSETCATALOG_COMPILER_GLOBAL_ACCENT_COLOR_NAME = AccentColor;
				CODE_SIGN_STYLE = Automatic;
				CURRENT_PROJECT_VERSION = 1;
				DEVELOPMENT_ASSET_PATHS = "\"ImageOutlineExample/Preview Content\"";
				ENABLE_PREVIEWS = YES;
				GENERATE_INFOPLIST_FILE = YES;
				INFOPLIST_KEY_UIApplicationSceneManifest_Generation = YES;
				INFOPLIST_KEY_UIApplicationSupportsIndirectInputEvents = YES;
				INFOPLIST_KEY_UILaunchScreen_Generation = YES;
				INFOPLIST_KEY_UISupportedInterfaceOrientations_iPad = "UIInterfaceOrientationPortrait UIInterfaceOrientationPortraitUpsideDown UIInterfaceOrientationLandscapeLeft UIInterfaceOrientationLandscapeRight";
				INFOPLIST_KEY_UISupportedInterfaceOrientations_iPhone = "UIInterfaceOrientationPortrait UIInterfaceOrientationLandscapeLeft UIInterfaceOrientationLandscapeRight";
				LD_RUNPATH_SEARCH_PATHS = (
					"$(inherited)",
					"@executable_path/Frameworks",
				);
				MARKETING_VERSION = 1.0;
				PRODUCT_BUNDLE_IDENTIFIER = com.leoilab.ImageOutlineExample;
				PRODUCT_NAME = "$(TARGET_NAME)";
				SWIFT_EMIT_LOC_STRINGS = YES;
				SWIFT_VERSION = 5.0;
				TARGETED_DEVICE_FAMILY = "1,2";
			};
			name = Debug;
		};
		687C29882791CE1900F77B5F /* Release */ = {
			isa = XCBuildConfiguration;
			baseConfigurationReference = 24E715549C76E457017B12EE /* Pods-ImageOutlineExample.release.xcconfig */;
			buildSettings = {
				ASSETCATALOG_COMPILER_APPICON_NAME = AppIcon;
				ASSETCATALOG_COMPILER_GLOBAL_ACCENT_COLOR_NAME = AccentColor;
				CODE_SIGN_STYLE = Automatic;
				CURRENT_PROJECT_VERSION = 1;
				DEVELOPMENT_ASSET_PATHS = "\"ImageOutlineExample/Preview Content\"";
				ENABLE_PREVIEWS = YES;
				GENERATE_INFOPLIST_FILE = YES;
				INFOPLIST_KEY_UIApplicationSceneManifest_Generation = YES;
				INFOPLIST_KEY_UIApplicationSupportsIndirectInputEvents = YES;
				INFOPLIST_KEY_UILaunchScreen_Generation = YES;
				INFOPLIST_KEY_UISupportedInterfaceOrientations_iPad = "UIInterfaceOrientationPortrait UIInterfaceOrientationPortraitUpsideDown UIInterfaceOrientationLandscapeLeft UIInterfaceOrientationLandscapeRight";
				INFOPLIST_KEY_UISupportedInterfaceOrientations_iPhone = "UIInterfaceOrientationPortrait UIInterfaceOrientationLandscapeLeft UIInterfaceOrientationLandscapeRight";
				LD_RUNPATH_SEARCH_PATHS = (
					"$(inherited)",
					"@executable_path/Frameworks",
				);
				MARKETING_VERSION = 1.0;
				PRODUCT_BUNDLE_IDENTIFIER = com.leoilab.ImageOutlineExample;
				PRODUCT_NAME = "$(TARGET_NAME)";
				SWIFT_EMIT_LOC_STRINGS = YES;
				SWIFT_VERSION = 5.0;
				TARGETED_DEVICE_FAMILY = "1,2";
			};
			name = Release;
		};
		687C29992791CE2300F77B5F /* Debug */ = {
			isa = XCBuildConfiguration;
			baseConfigurationReference = 469E694071400586469549AA /* Pods-SuitabilityPredictionExample.debug.xcconfig */;
			buildSettings = {
				ASSETCATALOG_COMPILER_APPICON_NAME = AppIcon;
				ASSETCATALOG_COMPILER_GLOBAL_ACCENT_COLOR_NAME = AccentColor;
				CODE_SIGN_STYLE = Automatic;
				CURRENT_PROJECT_VERSION = 1;
				DEVELOPMENT_ASSET_PATHS = "\"SuitabilityPredictionExample/Preview Content\"";
				ENABLE_PREVIEWS = YES;
				GENERATE_INFOPLIST_FILE = YES;
				INFOPLIST_KEY_UIApplicationSceneManifest_Generation = YES;
				INFOPLIST_KEY_UIApplicationSupportsIndirectInputEvents = YES;
				INFOPLIST_KEY_UILaunchScreen_Generation = YES;
				INFOPLIST_KEY_UISupportedInterfaceOrientations_iPad = "UIInterfaceOrientationPortrait UIInterfaceOrientationPortraitUpsideDown UIInterfaceOrientationLandscapeLeft UIInterfaceOrientationLandscapeRight";
				INFOPLIST_KEY_UISupportedInterfaceOrientations_iPhone = "UIInterfaceOrientationPortrait UIInterfaceOrientationLandscapeLeft UIInterfaceOrientationLandscapeRight";
				LD_RUNPATH_SEARCH_PATHS = (
					"$(inherited)",
					"@executable_path/Frameworks",
				);
				MARKETING_VERSION = 1.0;
				PRODUCT_BUNDLE_IDENTIFIER = com.leoilab.SuitabilityPredictionExample;
				PRODUCT_NAME = "$(TARGET_NAME)";
				SWIFT_EMIT_LOC_STRINGS = YES;
				SWIFT_VERSION = 5.0;
				TARGETED_DEVICE_FAMILY = "1,2";
			};
			name = Debug;
		};
		687C299A2791CE2300F77B5F /* Release */ = {
			isa = XCBuildConfiguration;
			baseConfigurationReference = F2B9E1D87B09E20F40EEB716 /* Pods-SuitabilityPredictionExample.release.xcconfig */;
			buildSettings = {
				ASSETCATALOG_COMPILER_APPICON_NAME = AppIcon;
				ASSETCATALOG_COMPILER_GLOBAL_ACCENT_COLOR_NAME = AccentColor;
				CODE_SIGN_STYLE = Automatic;
				CURRENT_PROJECT_VERSION = 1;
				DEVELOPMENT_ASSET_PATHS = "\"SuitabilityPredictionExample/Preview Content\"";
				ENABLE_PREVIEWS = YES;
				GENERATE_INFOPLIST_FILE = YES;
				INFOPLIST_KEY_UIApplicationSceneManifest_Generation = YES;
				INFOPLIST_KEY_UIApplicationSupportsIndirectInputEvents = YES;
				INFOPLIST_KEY_UILaunchScreen_Generation = YES;
				INFOPLIST_KEY_UISupportedInterfaceOrientations_iPad = "UIInterfaceOrientationPortrait UIInterfaceOrientationPortraitUpsideDown UIInterfaceOrientationLandscapeLeft UIInterfaceOrientationLandscapeRight";
				INFOPLIST_KEY_UISupportedInterfaceOrientations_iPhone = "UIInterfaceOrientationPortrait UIInterfaceOrientationLandscapeLeft UIInterfaceOrientationLandscapeRight";
				LD_RUNPATH_SEARCH_PATHS = (
					"$(inherited)",
					"@executable_path/Frameworks",
				);
				MARKETING_VERSION = 1.0;
				PRODUCT_BUNDLE_IDENTIFIER = com.leoilab.SuitabilityPredictionExample;
				PRODUCT_NAME = "$(TARGET_NAME)";
				SWIFT_EMIT_LOC_STRINGS = YES;
				SWIFT_VERSION = 5.0;
				TARGETED_DEVICE_FAMILY = "1,2";
			};
			name = Release;
		};
/* End XCBuildConfiguration section */

/* Begin XCConfigurationList section */
		687C29612791CD9600F77B5F /* Build configuration list for PBXProject "LibraryExamples" */ = {
			isa = XCConfigurationList;
			buildConfigurations = (
				687C29722791CD9700F77B5F /* Debug */,
				687C29732791CD9700F77B5F /* Release */,
			);
			defaultConfigurationIsVisible = 0;
			defaultConfigurationName = Release;
		};
		687C29862791CE1900F77B5F /* Build configuration list for PBXNativeTarget "ImageOutlineExample" */ = {
			isa = XCConfigurationList;
			buildConfigurations = (
				687C29872791CE1900F77B5F /* Debug */,
				687C29882791CE1900F77B5F /* Release */,
			);
			defaultConfigurationIsVisible = 0;
			defaultConfigurationName = Release;
		};
		687C29982791CE2300F77B5F /* Build configuration list for PBXNativeTarget "SuitabilityPredictionExample" */ = {
			isa = XCConfigurationList;
			buildConfigurations = (
				687C29992791CE2300F77B5F /* Debug */,
				687C299A2791CE2300F77B5F /* Release */,
			);
			defaultConfigurationIsVisible = 0;
			defaultConfigurationName = Release;
		};
/* End XCConfigurationList section */
	};
	rootObject = 687C295E2791CD9600F77B5F /* Project object */;
}
