PODS:
  - ImageOutlineClient (1.0.0)
  - OpenCV (4.1.0)
  - SuitabilityPredictionClient (1.0.0):
    - OpenCV (= 4.1)
    - TensorFlowLiteSwift/CoreML (= 2.4.0)
  - TensorFlowLiteC (2.4.0):
    - TensorFlowLiteC/Core (= 2.4.0)
  - TensorFlowLiteC/Core (2.4.0)
  - TensorFlowLiteC/CoreML (2.4.0):
    - TensorFlowLiteC/Core
  - TensorFlowLiteSwift/Core (2.4.0):
    - TensorFlowLiteC (= 2.4.0)
  - TensorFlowLiteSwift/CoreML (2.4.0):
    - TensorFlowLiteC/CoreML (= 2.4.0)
    - TensorFlowLiteSwift/Core (= 2.4.0)

DEPENDENCIES:
  - ImageOutlineClient (from `https://github.com/leoilab/mobile-sdk-distribution.git`)
  - SuitabilityPredictionClient (from `https://github.com/leoilab/mobile-sdk-distribution.git`)

SPEC REPOS:
  trunk:
    - OpenCV
    - TensorFlowLiteC
    - TensorFlowLiteSwift

EXTERNAL SOURCES:
  ImageOutlineClient:
    :git: https://github.com/leoilab/mobile-sdk-distribution.git
  SuitabilityPredictionClient:
    :git: https://github.com/leoilab/mobile-sdk-distribution.git

CHECKOUT OPTIONS:
  ImageOutlineClient:
    :commit: b3b6eb4027defc05ef7444ed62abaca7cc3c5c90
    :git: https://github.com/leoilab/mobile-sdk-distribution.git
  SuitabilityPredictionClient:
    :commit: b3b6eb4027defc05ef7444ed62abaca7cc3c5c90
    :git: https://github.com/leoilab/mobile-sdk-distribution.git

SPEC CHECKSUMS:
  ImageOutlineClient: b9c3ecbb50e3c0b7a67f49ee5f648b46a632a76b
  OpenCV: 52cd4d72ff29e2be83421477aec5447320b7fb19
  SuitabilityPredictionClient: 81192ac248b5e944b7b2910e336753d02e5b6544
  TensorFlowLiteC: 09f8ac75a76caeadb19bcfa694e97454cc1ecf87
  TensorFlowLiteSwift: f062dc1178120100d825d7799fd9f115b4a37fee

PODFILE CHECKSUM: 855aa1e305cac3209309ebd77f00d5a2efb98245

COCOAPODS: 1.9.1
